
Microsoft Visual Studio Solution File, Format Version 12.00
# Visual Studio Version 16
VisualStudioVersion = 16.0.31321.278
MinimumVisualStudioVersion = 10.0.40219.1
Project("{FAE04EC0-301F-11D3-BF4B-00C04F79EFBC}") = "ShoppingifyAPI", "ShoppingifyAPI.csproj", "{52A4CB5B-88A5-4D43-A713-417028A246DF}"
EndProject
Global
	GlobalSection(SolutionConfigurationPlatforms) = preSolution
		Debug|Any CPU = Debug|Any CPU
		Release|Any CPU = Release|Any CPU
	EndGlobalSection
	GlobalSection(ProjectConfigurationPlatforms) = postSolution
		{52A4CB5B-88A5-4D43-A713-417028A246DF}.Debug|Any CPU.ActiveCfg = Debug|Any CPU
		{52A4CB5B-88A5-4D43-A713-417028A246DF}.Debug|Any CPU.Build.0 = Debug|Any CPU
		{52A4CB5B-88A5-4D43-A713-417028A246DF}.Release|Any CPU.ActiveCfg = Release|Any CPU
		{52A4CB5B-88A5-4D43-A713-417028A246DF}.Release|Any CPU.Build.0 = Release|Any CPU
	EndGlobalSection
	GlobalSection(SolutionProperties) = preSolution
		HideSolutionNode = FALSE
	EndGlobalSection
	GlobalSection(ExtensibilityGlobals) = postSolution
		SolutionGuid = {B88AB072-97B5-4897-A94E-DE948D711C33}
	EndGlobalSection
EndGlobal
